# THIS IS AN AUTOGENERATED FILE. DO NOT EDIT THIS FILE DIRECTLY.
# yarn lockfile v1


"@remix-run/router@1.14.0":
  version "1.14.0"
  resolved "https://registry.yarnpkg.com/@remix-run/router/-/router-1.14.0.tgz#9bc39a5a3a71b81bdb310eba6def5bc3966695b7"
  integrity sha512-WOHih+ClN7N8oHk9N4JUiMxQJmRVaOxcg8w7F/oHUXzJt920ekASLI/7cYX8XkntDWRhLZtsk6LbGrkgOAvi5A==

react-router-dom@^6.21.0:
  version "6.21.0"
  resolved "https://registry.yarnpkg.com/react-router-dom/-/react-router-dom-6.21.0.tgz#aa4c6bc046a8e8723095bc09b3c0ab2254532712"
  integrity sha512-1dUdVj3cwc1npzJaf23gulB562ESNvxf7E4x8upNJycqyUm5BRRZ6dd3LrlzhtLaMrwOCO8R0zoiYxdaJx4LlQ==
  dependencies:
    "@remix-run/router" "1.14.0"
    react-router "6.21.0"

react-router@6.21.0:
  version "6.21.0"
  resolved "https://registry.yarnpkg.com/react-router/-/react-router-6.21.0.tgz#6fe3e59877aca3dccceec1801d26991ddf42d12b"
  integrity sha512-hGZ0HXbwz3zw52pLZV3j3+ec+m/PQ9cTpBvqjFQmy2XVUWGn5MD+31oXHb6dVTxYzmAeaiUBYjkoNz66n3RGCg==
  dependencies:
    "@remix-run/router" "1.14.0"
